
Microsoft Visual Studio Solution File, Format Version 12.00
# Visual Studio 15
VisualStudioVersion = 15.0.27004.2006
MinimumVisualStudioVersion = 10.0.40219.1
Project("{FAE04EC0-301F-11D3-BF4B-00C04F79EFBC}") = "UnitTesting", "UnitTesting\UnitTesting.csproj", "{9C30CA3D-DA0E-4F1C-A281-7EB6B4799BD4}"
EndProject
Project("{FAE04EC0-301F-11D3-BF4B-00C04F79EFBC}") = "UnitTesting.Tests", "UnitTesting.Tests\UnitTesting.Tests.csproj", "{EB7FD5E1-6D76-49D6-A2AC-294051C7F916}"
EndProject
Global
	GlobalSection(SolutionConfigurationPlatforms) = preSolution
		Debug|Any CPU = Debug|Any CPU
		Release|Any CPU = Release|Any CPU
	EndGlobalSection
	GlobalSection(ProjectConfigurationPlatforms) = postSolution
		{9C30CA3D-DA0E-4F1C-A281-7EB6B4799BD4}.Debug|Any CPU.ActiveCfg = Debug|Any CPU
		{9C30CA3D-DA0E-4F1C-A281-7EB6B4799BD4}.Debug|Any CPU.Build.0 = Debug|Any CPU
		{9C30CA3D-DA0E-4F1C-A281-7EB6B4799BD4}.Release|Any CPU.ActiveCfg = Release|Any CPU
		{9C30CA3D-DA0E-4F1C-A281-7EB6B4799BD4}.Release|Any CPU.Build.0 = Release|Any CPU
		{EB7FD5E1-6D76-49D6-A2AC-294051C7F916}.Debug|Any CPU.ActiveCfg = Debug|Any CPU
		{EB7FD5E1-6D76-49D6-A2AC-294051C7F916}.Debug|Any CPU.Build.0 = Debug|Any CPU
		{EB7FD5E1-6D76-49D6-A2AC-294051C7F916}.Release|Any CPU.ActiveCfg = Release|Any CPU
		{EB7FD5E1-6D76-49D6-A2AC-294051C7F916}.Release|Any CPU.Build.0 = Release|Any CPU
	EndGlobalSection
	GlobalSection(SolutionProperties) = preSolution
		HideSolutionNode = FALSE
	EndGlobalSection
	GlobalSection(ExtensibilityGlobals) = postSolution
		SolutionGuid = {DB2B4C83-B436-442A-B94E-E9C3407855F2}
	EndGlobalSection
EndGlobal
